{
  "name": "cr-lib",
  "version": "0.0.1",
  "lockfileVersion": 1,
  "requires": true,
  "dependencies": {
    "@ionic-native-mocks/secure-storage": {
      "version": "2.0.12",
      "resolved": "https://registry.npmjs.org/@ionic-native-mocks/secure-storage/-/secure-storage-2.0.12.tgz",
      "integrity": "sha512-CQXdr/yjZp4BAjdcTyuTBLnxI9rDB5JyyUou3Y5EMII9CZBNOcpfIpQZKtUAB6S8KqNXbF2svFheHavjoGrZaw==",
      "dev": true
    }
  }
}
