{
  "name": "shared",
  "version": "0.0.1",
  "lockfileVersion": 1,
  "requires": true,
  "dependencies": {
    "@ionic-native-mocks/secure-storage": {
      "version": "2.0.12",
      "resolved": "https://registry.npmjs.org/@ionic-native-mocks/secure-storage/-/secure-storage-2.0.12.tgz",
      "integrity": "sha512-CQXdr/yjZp4BAjdcTyuTBLnxI9rDB5JyyUou3Y5EMII9CZBNOcpfIpQZKtUAB6S8KqNXbF2svFheHavjoGrZaw=="
    },
    "@ionic-native/geolocation": {
      "version": "5.16.0",
      "resolved": "https://registry.npmjs.org/@ionic-native/geolocation/-/geolocation-5.16.0.tgz",
      "integrity": "sha512-SiXjwOQ1dCfP092Op8D0naMv1fDj595MdtQRxo3Qd1w8KH49O+VFmWwJzMZ6jLAxs7x9fEqnSVO3PImFZetihg==",
      "requires": {
        "@types/cordova": "^0.0.34"
      }
    },
    "@ionic-native/secure-storage": {
      "version": "5.16.0",
      "resolved": "https://registry.npmjs.org/@ionic-native/secure-storage/-/secure-storage-5.16.0.tgz",
      "integrity": "sha512-vBU2bFCr/LzvrXmNPuerMuEVxez+CKgA1WFu312s/cQd9i/4bp0t2WHiqaSnfiF3H+IDQYj1jCZOpBBUhtFmWg==",
      "requires": {
        "@types/cordova": "^0.0.34"
      }
    },
    "@ionic/angular": {
      "version": "4.11.5",
      "resolved": "https://registry.npmjs.org/@ionic/angular/-/angular-4.11.5.tgz",
      "integrity": "sha1-VDJz+qtDmFpO7YGqSIlrfDuDnmc=",
      "requires": {
        "@ionic/core": "4.11.5",
        "tslib": "^1.9.3"
      }
    },
    "@ionic/core": {
      "version": "4.11.5",
      "resolved": "https://registry.npmjs.org/@ionic/core/-/core-4.11.5.tgz",
      "integrity": "sha1-kFxTmEEpzcrZ+aBvdsiFalmpW6A=",
      "requires": {
        "ionicons": "^4.6.3",
        "tslib": "^1.10.0"
      }
    },
    "@types/cordova": {
      "version": "0.0.34",
      "resolved": "https://registry.npmjs.org/@types/cordova/-/cordova-0.0.34.tgz",
      "integrity": "sha1-6nrd907Ow9dimCegw54smt3HPQQ="
    },
    "ionicons": {
      "version": "4.6.3",
      "resolved": "https://registry.npmjs.org/ionicons/-/ionicons-4.6.3.tgz",
      "integrity": "sha1-5POj6bZnYeuMDbJ3mMwajOl3d9I="
    },
    "tslib": {
      "version": "1.10.0",
      "resolved": "https://registry.npmjs.org/tslib/-/tslib-1.10.0.tgz",
      "integrity": "sha1-w8GflZc/sKYpc/sJ2Q2WHuQ+XIo="
    }
  }
}
